
Microsoft Visual Studio Solution File, Format Version 12.00
# Visual Studio Version 17
VisualStudioVersion = 17.0.32014.148
MinimumVisualStudioVersion = 10.0.40219.1
Project("{FAE04EC0-301F-11D3-BF4B-00C04F79EFBC}") = "ConverganceUpdates", "StockUpdates\ConverganceUpdates.csproj", "{68B64471-654E-46E6-88DE-AA1DAF807FF1}"
EndProject
Global
	GlobalSection(SolutionConfigurationPlatforms) = preSolution
		Debug|Any CPU = Debug|Any CPU
		Release|Any CPU = Release|Any CPU
	EndGlobalSection
	GlobalSection(ProjectConfigurationPlatforms) = postSolution
		{68B64471-654E-46E6-88DE-AA1DAF807FF1}.Debug|Any CPU.ActiveCfg = Debug|Any CPU
		{68B64471-654E-46E6-88DE-AA1DAF807FF1}.Debug|Any CPU.Build.0 = Debug|Any CPU
		{68B64471-654E-46E6-88DE-AA1DAF807FF1}.Release|Any CPU.ActiveCfg = Release|Any CPU
		{68B64471-654E-46E6-88DE-AA1DAF807FF1}.Release|Any CPU.Build.0 = Release|Any CPU
	EndGlobalSection
	GlobalSection(SolutionProperties) = preSolution
		HideSolutionNode = FALSE
	EndGlobalSection
	GlobalSection(ExtensibilityGlobals) = postSolution
		SolutionGuid = {085BAA88-7051-4139-B494-72D50FFC1924}
	EndGlobalSection
EndGlobal
